schema: '2.0'
stages:
  split:
    cmd: python3 src/pipeline/split_data.py
    deps:
    - path: data/raw/fake_job_postings.csv
      hash: md5
      md5: ddfa19a8e11d1eb195f295c16288efc2
      size: 45987903
    - path: src/pipeline/split_data.py
      hash: md5
      md5: d7f0aa55566b6117b866c7d1aa74fd07
      size: 799
    outs:
    - path: data/raw/test.csv
      hash: md5
      md5: 42bb6911197506b77323a8f7765d3ea4
      size: 9108818
    - path: data/raw/train.csv
      hash: md5
      md5: a16277adb0b3b582e33a486c494ae69e
      size: 36879310
  preprocess:
    cmd: python3 src/pipeline/preprocess.py
    deps:
    - path: data/raw/train.csv
      hash: md5
      md5: a16277adb0b3b582e33a486c494ae69e
      size: 36879310
    - path: src/pipeline/preprocess.py
      hash: md5
      md5: b773eccea46adc6cf0f8de62c69a1e61
      size: 2110
    outs:
    - path: data/processed/X_train.npz
      hash: md5
      md5: d190592277629b3bd50db9f63b052eaf
      size: 19237231
    - path: data/processed/tfidf_vectorizer.pkl
      hash: md5
      md5: 58858b44348b941c1c2ec23a9b626c9c
      size: 200100
    - path: data/processed/train_processed.csv
      hash: md5
      md5: 308430f76b281154d2257a06011c63d2
      size: 72786491
    - path: data/processed/y_train.csv
      hash: md5
      md5: a635af74faa7406023094711058158b9
      size: 25262
  featurize_test:
    cmd: python3 src/pipeline/featurize_test.py
    deps:
    - path: data/processed/tfidf_vectorizer.pkl
      hash: md5
      md5: 58858b44348b941c1c2ec23a9b626c9c
      size: 200100
    - path: data/raw/test.csv
      hash: md5
      md5: 42bb6911197506b77323a8f7765d3ea4
      size: 9108818
    - path: src/pipeline/featurize_test.py
      hash: md5
      md5: 4948e66deaaeefdf2f01abe36d7e18ff
      size: 1702
    outs:
    - path: data/processed/X_test.npz
      hash: md5
      md5: 0b33df4ce5d904ca5f1c535838dd38c8
      size: 4711703
    - path: data/processed/y_test.csv
      hash: md5
      md5: d76dbd300d39be07941f58e2e3b658e2
      size: 6318
  train:
    cmd: python3 src/model/train_dvc.py
    deps:
    - path: data/processed/X_train.npz
      hash: md5
      md5: d190592277629b3bd50db9f63b052eaf
      size: 19237231
    - path: data/processed/y_train.csv
      hash: md5
      md5: a635af74faa7406023094711058158b9
      size: 25262
    - path: src/model/train_dvc.py
      hash: md5
      md5: 41e1ca4479a78d007cfc07e153c82754
      size: 2309
    outs:
    - path: data/processed/metrics.json
      hash: md5
      md5: e9f06fbfa546f061b3d2e3d0e9e78f66
      size: 196
    - path: data/processed/model.pkl
      hash: md5
      md5: a77000c3b13237701134c912f5cc761b
      size: 1715745
  evaluate:
    cmd: python3 src/model/evaluate.py
    deps:
    - path: data/processed/X_test.npz
      hash: md5
      md5: 0b33df4ce5d904ca5f1c535838dd38c8
      size: 4711703
    - path: data/processed/model.pkl
      hash: md5
      md5: a77000c3b13237701134c912f5cc761b
      size: 1715745
    - path: data/processed/y_test.csv
      hash: md5
      md5: d76dbd300d39be07941f58e2e3b658e2
      size: 6318
    - path: src/model/evaluate.py
      hash: md5
      md5: c898589524086f6a10440e3f8886e2af
      size: 1145
    outs:
    - path: data/processed/eval_metrics.json
      hash: md5
      md5: c4d3b534373ecd2cfadce9b2c8d39151
      size: 185
  register:
    cmd: python3 src/model/register_dvc.py
    deps:
    - path: data/processed/metrics.json
      hash: md5
      md5: e9f06fbfa546f061b3d2e3d0e9e78f66
      size: 196
    - path: data/processed/model.pkl
      hash: md5
      md5: a77000c3b13237701134c912f5cc761b
      size: 1715745
    - path: data/processed/tfidf_vectorizer.pkl
      hash: md5
      md5: 58858b44348b941c1c2ec23a9b626c9c
      size: 200100
    outs:
    - path: data/production/metadata.json
      hash: md5
      md5: 16967aee14a9d3332248ed97ef0c8ace
      size: 383
    - path: data/production/model.pkl
      hash: md5
      md5: a77000c3b13237701134c912f5cc761b
      size: 1715745
    - path: data/production/tfidf_vectorizer.pkl
      hash: md5
      md5: 58858b44348b941c1c2ec23a9b626c9c
      size: 200100
  baselines:
    cmd: python3 src/pipeline/eda_stats.py
    deps:
    - path: data/processed/train_processed.csv
      hash: md5
      md5: 308430f76b281154d2257a06011c63d2
      size: 72786491
    - path: src/pipeline/eda_stats.py
      hash: md5
      md5: d32aa58bc21cd549a27c4999a9b4dbea
      size: 2038
    outs:
    - path: data/baselines/training_baseline.json
      hash: md5
      md5: f583387093b69fe370767dfbdbbcd1cb
      size: 12483
