schema: '2.0'
stages:
  split:
    cmd: python3 src/pipeline/split_data.py
    deps:
    - path: data/raw/fake_job_postings.csv
      hash: md5
      md5: 10d9f3cf4faa78f8ce0932c5ec333c39
      size: 50061601
      isexec: true
    - path: src/pipeline/split_data.py
      hash: md5
      md5: d7f0aa55566b6117b866c7d1aa74fd07
      size: 799
    outs:
    - path: data/raw/test.csv
      hash: md5
      md5: c114c00eafd1a1c13d6937a3cbfe594d
      size: 10188870
    - path: data/raw/train.csv
      hash: md5
      md5: 5ec746c277b5e0d56795b7a242d27340
      size: 39855043
  preprocess:
    cmd: python3 src/pipeline/preprocess.py
    deps:
    - path: data/raw/train.csv
      hash: md5
      md5: 5ec746c277b5e0d56795b7a242d27340
      size: 39855043
    - path: src/pipeline/preprocess.py
      hash: md5
      md5: b773eccea46adc6cf0f8de62c69a1e61
      size: 2110
    outs:
    - path: data/processed/X_train.npz
      hash: md5
      md5: 9eed909bd1a552f46f9fece0469e7ba2
      size: 21117735
    - path: data/processed/tfidf_vectorizer.pkl
      hash: md5
      md5: 5ff7436543d759b22363ff66edd8b028
      size: 201651
    - path: data/processed/train_processed.csv
      hash: md5
      md5: dd50344255fbbec60302419ec8e8bd1c
      size: 78710506
    - path: data/processed/y_train.csv
      hash: md5
      md5: 1ff4f3ab0c11159087d8bb9a8b3d8931
      size: 28610
  featurize_test:
    cmd: python3 src/pipeline/featurize_test.py
    deps:
    - path: data/processed/tfidf_vectorizer.pkl
      hash: md5
      md5: 5ff7436543d759b22363ff66edd8b028
      size: 201651
    - path: data/raw/test.csv
      hash: md5
      md5: c114c00eafd1a1c13d6937a3cbfe594d
      size: 10188870
    - path: src/pipeline/featurize_test.py
      hash: md5
      md5: 4948e66deaaeefdf2f01abe36d7e18ff
      size: 1702
    outs:
    - path: data/processed/X_test.npz
      hash: md5
      md5: 026d9cff10fadbd06e067af038653b1d
      size: 5287183
    - path: data/processed/y_test.csv
      hash: md5
      md5: 7b256001c73677d682251610b2209549
      size: 7154
  train:
    cmd: python3 src/model/train_dvc.py
    deps:
    - path: data/processed/X_train.npz
      hash: md5
      md5: 9eed909bd1a552f46f9fece0469e7ba2
      size: 21117735
    - path: data/processed/y_train.csv
      hash: md5
      md5: 1ff4f3ab0c11159087d8bb9a8b3d8931
      size: 28610
    - path: src/model/train_dvc.py
      hash: md5
      md5: 41e1ca4479a78d007cfc07e153c82754
      size: 2309
    outs:
    - path: data/processed/metrics.json
      hash: md5
      md5: fd99f6e761d65ebe6e210f9ad12a886f
      size: 205
    - path: data/processed/model.pkl
      hash: md5
      md5: 39ebd8649a1c0a5bad1ecabdbab39f06
      size: 1742951
  evaluate:
    cmd: python3 src/model/evaluate.py
    deps:
    - path: data/processed/X_test.npz
      hash: md5
      md5: 026d9cff10fadbd06e067af038653b1d
      size: 5287183
    - path: data/processed/model.pkl
      hash: md5
      md5: 39ebd8649a1c0a5bad1ecabdbab39f06
      size: 1742951
    - path: data/processed/y_test.csv
      hash: md5
      md5: 7b256001c73677d682251610b2209549
      size: 7154
    - path: src/model/evaluate.py
      hash: md5
      md5: c898589524086f6a10440e3f8886e2af
      size: 1145
    outs:
    - path: data/processed/eval_metrics.json
      hash: md5
      md5: 3fbcbaf5d7cc15be854083e528e467ce
      size: 184
  register:
    cmd: python3 src/model/register_dvc.py
    deps:
    - path: data/processed/metrics.json
      hash: md5
      md5: fd99f6e761d65ebe6e210f9ad12a886f
      size: 205
    - path: data/processed/model.pkl
      hash: md5
      md5: 39ebd8649a1c0a5bad1ecabdbab39f06
      size: 1742951
    - path: data/processed/tfidf_vectorizer.pkl
      hash: md5
      md5: 5ff7436543d759b22363ff66edd8b028
      size: 201651
    outs:
    - path: data/production/metadata.json
      hash: md5
      md5: 9582e2243f8a9ef408cdc721b9afbc21
      size: 384
    - path: data/production/model.pkl
      hash: md5
      md5: 39ebd8649a1c0a5bad1ecabdbab39f06
      size: 1742951
    - path: data/production/tfidf_vectorizer.pkl
      hash: md5
      md5: 5ff7436543d759b22363ff66edd8b028
      size: 201651
  baselines:
    cmd: python3 src/pipeline/eda_stats.py
    deps:
    - path: data/processed/train_processed.csv
      hash: md5
      md5: dd50344255fbbec60302419ec8e8bd1c
      size: 78710506
    - path: src/pipeline/eda_stats.py
      hash: md5
      md5: d32aa58bc21cd549a27c4999a9b4dbea
      size: 2038
    outs:
    - path: data/baselines/training_baseline.json
      hash: md5
      md5: 223bc65bbc0f2dca55b19eeb5aba38e3
      size: 12449
